
Microsoft Visual Studio Solution File, Format Version 12.00
Project("{FAE04EC0-301F-11D3-BF4B-00C04F79EFBC}") = "Vali-Flow.Core", "Vali-Flow.Core\Vali-Flow.Core.csproj", "{10AAD6A1-7490-416C-AD25-29958821F716}"
EndProject
Project("{FAE04EC0-301F-11D3-BF4B-00C04F79EFBC}") = "Vali-Flow.Core.Tests", "Vali-Flow.Core.Tests\Vali-Flow.Core.Tests.csproj", "{A451381D-EB06-4F15-82DE-16B34B988256}"
EndProject
Project("{FAE04EC0-301F-11D3-BF4B-00C04F79EFBC}") = "Vali-Flow.Core.Benchmarks", "Vali-Flow.Core.Benchmarks\Vali-Flow.Core.Benchmarks.csproj", "{050CF735-614B-4424-A22B-BD5C50F4D03D}"
EndProject
Project("{FAE04EC0-301F-11D3-BF4B-00C04F79EFBC}") = "Vali-Flow.Core.Analyzers", "Vali-Flow.Core.Analyzers\Vali-Flow.Core.Analyzers.csproj", "{4B425C9D-CB96-44F6-9936-46922653D067}"
EndProject
Project("{FAE04EC0-301F-11D3-BF4B-00C04F79EFBC}") = "Vali-Flow.Core.Generator", "Vali-Flow.Core.Generator\Vali-Flow.Core.Generator.csproj", "{C1D2E3F4-A5B6-7890-ABCD-EF1234567890}"
EndProject
Global
	GlobalSection(SolutionConfigurationPlatforms) = preSolution
		Debug|Any CPU = Debug|Any CPU
		Debug|x64 = Debug|x64
		Debug|x86 = Debug|x86
		Release|Any CPU = Release|Any CPU
		Release|x64 = Release|x64
		Release|x86 = Release|x86
	EndGlobalSection
	GlobalSection(ProjectConfigurationPlatforms) = postSolution
		{10AAD6A1-7490-416C-AD25-29958821F716}.Debug|Any CPU.ActiveCfg = Debug|Any CPU
		{10AAD6A1-7490-416C-AD25-29958821F716}.Debug|Any CPU.Build.0 = Debug|Any CPU
		{10AAD6A1-7490-416C-AD25-29958821F716}.Debug|x64.ActiveCfg = Debug|Any CPU
		{10AAD6A1-7490-416C-AD25-29958821F716}.Debug|x64.Build.0 = Debug|Any CPU
		{10AAD6A1-7490-416C-AD25-29958821F716}.Debug|x86.ActiveCfg = Debug|Any CPU
		{10AAD6A1-7490-416C-AD25-29958821F716}.Debug|x86.Build.0 = Debug|Any CPU
		{10AAD6A1-7490-416C-AD25-29958821F716}.Release|Any CPU.ActiveCfg = Release|Any CPU
		{10AAD6A1-7490-416C-AD25-29958821F716}.Release|Any CPU.Build.0 = Release|Any CPU
		{10AAD6A1-7490-416C-AD25-29958821F716}.Release|x64.ActiveCfg = Release|Any CPU
		{10AAD6A1-7490-416C-AD25-29958821F716}.Release|x64.Build.0 = Release|Any CPU
		{10AAD6A1-7490-416C-AD25-29958821F716}.Release|x86.ActiveCfg = Release|Any CPU
		{10AAD6A1-7490-416C-AD25-29958821F716}.Release|x86.Build.0 = Release|Any CPU
		{A451381D-EB06-4F15-82DE-16B34B988256}.Debug|Any CPU.ActiveCfg = Debug|Any CPU
		{A451381D-EB06-4F15-82DE-16B34B988256}.Debug|Any CPU.Build.0 = Debug|Any CPU
		{A451381D-EB06-4F15-82DE-16B34B988256}.Debug|x64.ActiveCfg = Debug|Any CPU
		{A451381D-EB06-4F15-82DE-16B34B988256}.Debug|x64.Build.0 = Debug|Any CPU
		{A451381D-EB06-4F15-82DE-16B34B988256}.Debug|x86.ActiveCfg = Debug|Any CPU
		{A451381D-EB06-4F15-82DE-16B34B988256}.Debug|x86.Build.0 = Debug|Any CPU
		{A451381D-EB06-4F15-82DE-16B34B988256}.Release|Any CPU.ActiveCfg = Release|Any CPU
		{A451381D-EB06-4F15-82DE-16B34B988256}.Release|Any CPU.Build.0 = Release|Any CPU
		{A451381D-EB06-4F15-82DE-16B34B988256}.Release|x64.ActiveCfg = Release|Any CPU
		{A451381D-EB06-4F15-82DE-16B34B988256}.Release|x64.Build.0 = Release|Any CPU
		{A451381D-EB06-4F15-82DE-16B34B988256}.Release|x86.ActiveCfg = Release|Any CPU
		{A451381D-EB06-4F15-82DE-16B34B988256}.Release|x86.Build.0 = Release|Any CPU
		{050CF735-614B-4424-A22B-BD5C50F4D03D}.Debug|Any CPU.ActiveCfg = Debug|Any CPU
		{050CF735-614B-4424-A22B-BD5C50F4D03D}.Debug|Any CPU.Build.0 = Debug|Any CPU
		{050CF735-614B-4424-A22B-BD5C50F4D03D}.Debug|x64.ActiveCfg = Debug|Any CPU
		{050CF735-614B-4424-A22B-BD5C50F4D03D}.Debug|x64.Build.0 = Debug|Any CPU
		{050CF735-614B-4424-A22B-BD5C50F4D03D}.Debug|x86.ActiveCfg = Debug|Any CPU
		{050CF735-614B-4424-A22B-BD5C50F4D03D}.Debug|x86.Build.0 = Debug|Any CPU
		{050CF735-614B-4424-A22B-BD5C50F4D03D}.Release|Any CPU.ActiveCfg = Release|Any CPU
		{050CF735-614B-4424-A22B-BD5C50F4D03D}.Release|Any CPU.Build.0 = Release|Any CPU
		{050CF735-614B-4424-A22B-BD5C50F4D03D}.Release|x64.ActiveCfg = Release|Any CPU
		{050CF735-614B-4424-A22B-BD5C50F4D03D}.Release|x64.Build.0 = Release|Any CPU
		{050CF735-614B-4424-A22B-BD5C50F4D03D}.Release|x86.ActiveCfg = Release|Any CPU
		{050CF735-614B-4424-A22B-BD5C50F4D03D}.Release|x86.Build.0 = Release|Any CPU
		{4B425C9D-CB96-44F6-9936-46922653D067}.Debug|Any CPU.ActiveCfg = Debug|Any CPU
		{4B425C9D-CB96-44F6-9936-46922653D067}.Debug|Any CPU.Build.0 = Debug|Any CPU
		{4B425C9D-CB96-44F6-9936-46922653D067}.Debug|x64.ActiveCfg = Debug|Any CPU
		{4B425C9D-CB96-44F6-9936-46922653D067}.Debug|x64.Build.0 = Debug|Any CPU
		{4B425C9D-CB96-44F6-9936-46922653D067}.Debug|x86.ActiveCfg = Debug|Any CPU
		{4B425C9D-CB96-44F6-9936-46922653D067}.Debug|x86.Build.0 = Debug|Any CPU
		{4B425C9D-CB96-44F6-9936-46922653D067}.Release|Any CPU.ActiveCfg = Release|Any CPU
		{4B425C9D-CB96-44F6-9936-46922653D067}.Release|Any CPU.Build.0 = Release|Any CPU
		{4B425C9D-CB96-44F6-9936-46922653D067}.Release|x64.ActiveCfg = Release|Any CPU
		{4B425C9D-CB96-44F6-9936-46922653D067}.Release|x64.Build.0 = Release|Any CPU
		{4B425C9D-CB96-44F6-9936-46922653D067}.Release|x86.ActiveCfg = Release|Any CPU
		{4B425C9D-CB96-44F6-9936-46922653D067}.Release|x86.Build.0 = Release|Any CPU
		{C1D2E3F4-A5B6-7890-ABCD-EF1234567890}.Debug|Any CPU.ActiveCfg = Debug|Any CPU
		{C1D2E3F4-A5B6-7890-ABCD-EF1234567890}.Debug|Any CPU.Build.0 = Debug|Any CPU
		{C1D2E3F4-A5B6-7890-ABCD-EF1234567890}.Debug|x64.ActiveCfg = Debug|Any CPU
		{C1D2E3F4-A5B6-7890-ABCD-EF1234567890}.Debug|x64.Build.0 = Debug|Any CPU
		{C1D2E3F4-A5B6-7890-ABCD-EF1234567890}.Debug|x86.ActiveCfg = Debug|Any CPU
		{C1D2E3F4-A5B6-7890-ABCD-EF1234567890}.Debug|x86.Build.0 = Debug|Any CPU
		{C1D2E3F4-A5B6-7890-ABCD-EF1234567890}.Release|Any CPU.ActiveCfg = Release|Any CPU
		{C1D2E3F4-A5B6-7890-ABCD-EF1234567890}.Release|Any CPU.Build.0 = Release|Any CPU
		{C1D2E3F4-A5B6-7890-ABCD-EF1234567890}.Release|x64.ActiveCfg = Release|Any CPU
		{C1D2E3F4-A5B6-7890-ABCD-EF1234567890}.Release|x64.Build.0 = Release|Any CPU
		{C1D2E3F4-A5B6-7890-ABCD-EF1234567890}.Release|x86.ActiveCfg = Release|Any CPU
		{C1D2E3F4-A5B6-7890-ABCD-EF1234567890}.Release|x86.Build.0 = Release|Any CPU
	EndGlobalSection
	GlobalSection(SolutionProperties) = preSolution
		HideSolutionNode = FALSE
	EndGlobalSection
EndGlobal
